{
  "lockfileVersion": 1,
  "configVersion": 1,
  "workspaces": {
    "": {
      "name": "personal-workspace-os",
      "dependencies": {
        "gray-matter": "^4.0.3",
        "postgres": "^3.4.4",
        "zod": "^3.23.8",
      },
      "devDependencies": {
        "@biomejs/biome": "^1.9.4",
        "@types/bun": "^1.1.10",
        "jsonresume-theme-even": "^0.26.1",
        "resumed": "^6.1.0",
        "typescript": "^5.5.4",
      },
    },
  },
  "trustedDependencies": [
    "@biomejs/biome",
  ],
  "packages": {
    "@biomejs/biome": ["@biomejs/biome@1.9.4", "", { "optionalDependencies": { "@biomejs/cli-darwin-arm64": "1.9.4", "@biomejs/cli-darwin-x64": "1.9.4", "@biomejs/cli-linux-arm64": "1.9.4", "@biomejs/cli-linux-arm64-musl": "1.9.4", "@biomejs/cli-linux-x64": "1.9.4", "@biomejs/cli-linux-x64-musl": "1.9.4", "@biomejs/cli-win32-arm64": "1.9.4", "@biomejs/cli-win32-x64": "1.9.4" }, "bin": { "biome": "bin/biome" } }, "sha512-1rkd7G70+o9KkTn5KLmDYXihGoTaIGO9PIIN2ZB7UJxFrWw04CZHPYiMRjYsaDvVV7hP1dYNRLxSANLaBFGpog=="],

    "@biomejs/cli-darwin-arm64": ["@biomejs/cli-darwin-arm64@1.9.4", "", { "os": "darwin", "cpu": "arm64" }, "sha512-bFBsPWrNvkdKrNCYeAp+xo2HecOGPAy9WyNyB/jKnnedgzl4W4Hb9ZMzYNbf8dMCGmUdSavlYHiR01QaYR58cw=="],

    "@biomejs/cli-darwin-x64": ["@biomejs/cli-darwin-x64@1.9.4", "", { "os": "darwin", "cpu": "x64" }, "sha512-ngYBh/+bEedqkSevPVhLP4QfVPCpb+4BBe2p7Xs32dBgs7rh9nY2AIYUL6BgLw1JVXV8GlpKmb/hNiuIxfPfZg=="],

    "@biomejs/cli-linux-arm64": ["@biomejs/cli-linux-arm64@1.9.4", "", { "os": "linux", "cpu": "arm64" }, "sha512-fJIW0+LYujdjUgJJuwesP4EjIBl/N/TcOX3IvIHJQNsAqvV2CHIogsmA94BPG6jZATS4Hi+xv4SkBBQSt1N4/g=="],

    "@biomejs/cli-linux-arm64-musl": ["@biomejs/cli-linux-arm64-musl@1.9.4", "", { "os": "linux", "cpu": "arm64" }, "sha512-v665Ct9WCRjGa8+kTr0CzApU0+XXtRgwmzIf1SeKSGAv+2scAlW6JR5PMFo6FzqqZ64Po79cKODKf3/AAmECqA=="],

    "@biomejs/cli-linux-x64": ["@biomejs/cli-linux-x64@1.9.4", "", { "os": "linux", "cpu": "x64" }, "sha512-lRCJv/Vi3Vlwmbd6K+oQ0KhLHMAysN8lXoCI7XeHlxaajk06u7G+UsFSO01NAs5iYuWKmVZjmiOzJ0OJmGsMwg=="],

    "@biomejs/cli-linux-x64-musl": ["@biomejs/cli-linux-x64-musl@1.9.4", "", { "os": "linux", "cpu": "x64" }, "sha512-gEhi/jSBhZ2m6wjV530Yy8+fNqG8PAinM3oV7CyO+6c3CEh16Eizm21uHVsyVBEB6RIM8JHIl6AGYCv6Q6Q9Tg=="],

    "@biomejs/cli-win32-arm64": ["@biomejs/cli-win32-arm64@1.9.4", "", { "os": "win32", "cpu": "arm64" }, "sha512-tlbhLk+WXZmgwoIKwHIHEBZUwxml7bRJgk0X2sPyNR3S93cdRq6XulAZRQJ17FYGGzWne0fgrXBKpl7l4M87Hg=="],

    "@biomejs/cli-win32-x64": ["@biomejs/cli-win32-x64@1.9.4", "", { "os": "win32", "cpu": "x64" }, "sha512-8Y5wMhVIPaWe6jw2H+KlEm4wP/f7EW3810ZLmDlrEEy5KvBsb9ECEfu/kMWD484ijfQ8+nIi0giMgu9g1UAuuA=="],

    "@jsonresume/schema": ["@jsonresume/schema@1.2.1", "", { "dependencies": { "jsonschema": "^1.4.1" } }, "sha512-kcst3WFNz+ACZnazWSHgI8hiooSuBH/j+TdduJ6LqMEoE+Kni1wDbrINkAzTR72D+gc1GEG4I/HRTqoa5dMJiA=="],

    "@rbardini/html": ["@rbardini/html@1.0.1", "", {}, "sha512-sVnvDG2ujW5R0mfubZDCnxnxHSsM1kS4ExY+Z3j7XQkY4Y7RKnM4tPi6E8OkkUmbD3NUeVWV2ObSmgaaZUHIDw=="],

    "@types/bun": ["@types/bun@1.3.13", "", { "dependencies": { "bun-types": "1.3.13" } }, "sha512-9fqXWk5YIHGGnUau9TEi+qdlTYDAnOj+xLCmSTwXfAIqXr2x4tytJb43E9uCvt09zJURKXwAtkoH4nLQfzeTXw=="],

    "@types/node": ["@types/node@25.7.0", "", { "dependencies": { "undici-types": "~7.21.0" } }, "sha512-z+pdZyxE+RTQE9AcboAZCb4otwcrvgHD+GlBpPgn0emDVt0ohrTMhAwlr2Wd9nZ+nihhYFxO2pThz3C5qSu2Eg=="],

    "argparse": ["argparse@1.0.10", "", { "dependencies": { "sprintf-js": "~1.0.2" } }, "sha512-o5Roy6tNG4SL/FOkCAN6RzjiakZS25RLYFrcMttJqbdd8BWrnA+fGz57iN5Pb06pvBGvl5gQ0B48dJlslXvoTg=="],

    "bun-types": ["bun-types@1.3.13", "", { "dependencies": { "@types/node": "*" } }, "sha512-QXKeHLlOLqQX9LgYaHJfzdBaV21T63HhFJnvuRCcjZiaUDpbs5ED1MgxbMra71CsryN/1dAoXuJJJwIv/2drVA=="],

    "character-entities": ["character-entities@1.2.4", "", {}, "sha512-iBMyeEHxfVnIakwOuDXpVkc54HijNgCyQB2w0VfGQThle6NXn50zU6V/u+LDhxHcDUPojn6Kpga3PTAD8W1bQw=="],

    "character-entities-legacy": ["character-entities-legacy@1.1.4", "", {}, "sha512-3Xnr+7ZFS1uxeiUDvV02wQ+QDbc55o97tIV5zHScSPJpcLm/r0DFPcoY3tYRp+VZukxuMeKgXYmsXQHO05zQeA=="],

    "character-reference-invalid": ["character-reference-invalid@1.1.4", "", {}, "sha512-mKKUkUbhPpQlCOfIuZkvSEgktjPFIsZKRRbC6KWVEMvlzblj3i3asQv5ODsrwt0N3pHAEvjP8KTQPHkp0+6jOg=="],

    "classnames": ["classnames@2.5.1", "", {}, "sha512-saHYOzhIQs6wy2sVxTM6bUDsQO4F50V9RQ22qBpEdCW+I+/Wmke2HOl6lS6dTpdxVhb88/I6+Hs+438c3lfUow=="],

    "core-js": ["core-js@3.49.0", "", {}, "sha512-es1U2+YTtzpwkxVLwAFdSpaIMyQaq0PBgm3YD1W3Qpsn1NAmO3KSgZfu+oGSWVu6NvLHoHCV/aYcsE5wiB7ALg=="],

    "debug": ["debug@4.4.3", "", { "dependencies": { "ms": "^2.1.3" } }, "sha512-RGwwWnwQvkVfavKVt22FGLw+xYSdzARwm0ru6DhTVA3umU5hZc28V3kO4stgYryrTlLpuvgI9GiijltAjNbcqA=="],

    "esprima": ["esprima@4.0.1", "", { "bin": { "esparse": "./bin/esparse.js", "esvalidate": "./bin/esvalidate.js" } }, "sha512-eGuFFw7Upda+g4p+QHvnW0RyTX/SVeJBDM/gCtMARO0cLuT2HcEKnTPvhjV6aGeqrCB/sbNop0Kszm0jsaWU4A=="],

    "extend-shallow": ["extend-shallow@2.0.1", "", { "dependencies": { "is-extendable": "^0.1.0" } }, "sha512-zCnTtlxNoAiDc3gqY2aYAWFx7XWWiasuF2K8Me5WbN8otHKTUKBwjPtNpRs/rbUZm7KxWAaNj7P1a/p52GbVug=="],

    "feather-icons": ["feather-icons@4.29.2", "", { "dependencies": { "classnames": "^2.2.5", "core-js": "^3.1.3" } }, "sha512-0TaCFTnBTVCz6U+baY2UJNKne5ifGh7sMG4ZC2LoBWCZdIyPa+y6UiR4lEYGws1JOFWdee8KAsAIvu0VcXqiqA=="],

    "gray-matter": ["gray-matter@4.0.3", "", { "dependencies": { "js-yaml": "^3.13.1", "kind-of": "^6.0.2", "section-matter": "^1.0.0", "strip-bom-string": "^1.0.0" } }, "sha512-5v6yZd4JK3eMI3FqqCouswVqwugaA9r4dNZB1wwcmrD02QkV5H0y7XBQW8QwQqEaZY1pM9aqORSORhJRdNK44Q=="],

    "is-alphabetical": ["is-alphabetical@1.0.4", "", {}, "sha512-DwzsA04LQ10FHTZuL0/grVDk4rFoVH1pjAToYwBrHSxcrBIGQuXrQMtD5U1b0U2XVgKZCTLLP8u2Qxqhy3l2Vg=="],

    "is-alphanumerical": ["is-alphanumerical@1.0.4", "", { "dependencies": { "is-alphabetical": "^1.0.0", "is-decimal": "^1.0.0" } }, "sha512-UzoZUr+XfVz3t3v4KyGEniVL9BDRoQtY7tOyrRybkVNjDFWyo1yhXNGrrBTQxp3ib9BLAWs7k2YKBQsFRkZG9A=="],

    "is-decimal": ["is-decimal@1.0.4", "", {}, "sha512-RGdriMmQQvZ2aqaQq3awNA6dCGtKpiDFcOzrTWrDAT2MiWrKQVPmxLGHl7Y2nNu6led0kEyoX0enY0qXYsv9zw=="],

    "is-extendable": ["is-extendable@0.1.1", "", {}, "sha512-5BMULNob1vgFX6EjQw5izWDxrecWK9AM72rugNr0TFldMOi0fj6Jk+zeKIt0xGj4cEfQIJth4w3OKWOJ4f+AFw=="],

    "is-hexadecimal": ["is-hexadecimal@1.0.4", "", {}, "sha512-gyPJuv83bHMpocVYoqof5VDiZveEoGoFL8m3BXNb2VW8Xs+rz9kqO8LOQ5DH6EsuvilT1ApazU0pyl+ytbPtlw=="],

    "js-yaml": ["js-yaml@3.14.2", "", { "dependencies": { "argparse": "^1.0.7", "esprima": "^4.0.0" }, "bin": { "js-yaml": "bin/js-yaml.js" } }, "sha512-PMSmkqxr106Xa156c2M265Z+FTrPl+oxd/rgOQy2tijQeK5TxQ43psO1ZCwhVOSdnn+RzkzlRz/eY4BgJBYVpg=="],

    "jsonresume-theme-even": ["jsonresume-theme-even@0.26.1", "", { "dependencies": { "@rbardini/html": "^1.0.0", "feather-icons": "^4.28.0", "micromark": "^2.11.0", "striptags": "^3.2.0" }, "bin": { "jsonresume-theme-even": "bin/cli.js" } }, "sha512-m7KVaPosBP+pZfsM+6UdShhfiB3YgJtVfhFZ2k3fzvA6jayVhrDbXKsRBhYAKCkHoPrq+zwLazz4drYaw06l0w=="],

    "jsonschema": ["jsonschema@1.5.0", "", {}, "sha512-K+A9hhqbn0f3pJX17Q/7H6yQfD/5OXgdrR5UE12gMXCiN9D5Xq2o5mddV2QEcX/bjla99ASsAAQUyMCCRWAEhw=="],

    "kind-of": ["kind-of@6.0.3", "", {}, "sha512-dcS1ul+9tmeD95T+x28/ehLgd9mENa3LsvDTtzm3vyBEO7RPptvAD+t44WVXaUjTBRcrpFeFlC8WCruUR456hw=="],

    "micromark": ["micromark@2.11.4", "", { "dependencies": { "debug": "^4.0.0", "parse-entities": "^2.0.0" } }, "sha512-+WoovN/ppKolQOFIAajxi7Lu9kInbPxFuTBVEavFcL8eAfVstoc5MocPmqBeAdBOJV00uaVjegzH4+MA0DN/uA=="],

    "mri": ["mri@1.2.0", "", {}, "sha512-tzzskb3bG8LvYGFF/mDTpq3jpI6Q9wc3LEmBaghu+DdCssd1FakN7Bc0hVNmEyGq1bq3RgfkCb3cmQLpNPOroA=="],

    "ms": ["ms@2.1.3", "", {}, "sha512-6FlzubTLZG3J2a/NVCAleEhjzq5oxgHyaCU9yYXvcLsvoVaHJq/s5xXI6/XXP6tz7R9xAOtHnSO/tXtF3WRTlA=="],

    "parse-entities": ["parse-entities@2.0.0", "", { "dependencies": { "character-entities": "^1.0.0", "character-entities-legacy": "^1.0.0", "character-reference-invalid": "^1.0.0", "is-alphanumerical": "^1.0.0", "is-decimal": "^1.0.0", "is-hexadecimal": "^1.0.0" } }, "sha512-kkywGpCcRYhqQIchaWqZ875wzpS/bMKhz5HnN3p7wveJTkTtyAB/AlnS0f8DFSqYW1T82t6yEAkEcB+A1I3MbQ=="],

    "postgres": ["postgres@3.4.9", "", {}, "sha512-GD3qdB0x1z9xgFI6cdRD6xu2Sp2WCOEoe3mtnyB5Ee0XrrL5Pe+e4CCnJrRMnL1zYtRDZmQQVbvOttLnKDLnaw=="],

    "resumed": ["resumed@6.1.0", "", { "dependencies": { "@jsonresume/schema": "^1.0.0", "sade": "^1.7.0", "strip-json-comments": "^5.0.0" }, "peerDependencies": { "puppeteer": "^24.0.0" }, "optionalPeers": ["puppeteer"], "bin": { "resumed": "bin/resumed.js" } }, "sha512-VZbgG+auJZkpSKIzeDibu1q9w/XgMNNzGC8NLU9P3fH0YjiY4V2hq0knFemoBer1xR2wW8B3SagVkhHTpcBI7Q=="],

    "sade": ["sade@1.8.1", "", { "dependencies": { "mri": "^1.1.0" } }, "sha512-xal3CZX1Xlo/k4ApwCFrHVACi9fBqJ7V+mwhBsuf/1IOKbBy098Fex+Wa/5QMubw09pSZ/u8EY8PWgevJsXp1A=="],

    "section-matter": ["section-matter@1.0.0", "", { "dependencies": { "extend-shallow": "^2.0.1", "kind-of": "^6.0.0" } }, "sha512-vfD3pmTzGpufjScBh50YHKzEu2lxBWhVEHsNGoEXmCmn2hKGfeNLYMzCJpe8cD7gqX7TJluOVpBkAequ6dgMmA=="],

    "sprintf-js": ["sprintf-js@1.0.3", "", {}, "sha512-D9cPgkvLlV3t3IzL0D0YLvGA9Ahk4PcvVwUbN0dSGr1aP0Nrt4AEnTUbuGvquEC0mA64Gqt1fzirlRs5ibXx8g=="],

    "strip-bom-string": ["strip-bom-string@1.0.0", "", {}, "sha512-uCC2VHvQRYu+lMh4My/sFNmF2klFymLX1wHJeXnbEJERpV/ZsVuonzerjfrGpIGF7LBVa1O7i9kjiWvJiFck8g=="],

    "strip-json-comments": ["strip-json-comments@5.0.3", "", {}, "sha512-1tB5mhVo7U+ETBKNf92xT4hrQa3pm0MZ0PQvuDnWgAAGHDsfp4lPSpiS6psrSiet87wyGPh9ft6wmhOMQ0hDiw=="],

    "striptags": ["striptags@3.2.0", "", {}, "sha512-g45ZOGzHDMe2bdYMdIvdAfCQkCTDMGBazSw1ypMowwGIee7ZQ5dU0rBJ8Jqgl+jAKIv4dbeE1jscZq9wid1Tkw=="],

    "typescript": ["typescript@5.9.3", "", { "bin": { "tsc": "bin/tsc", "tsserver": "bin/tsserver" } }, "sha512-jl1vZzPDinLr9eUt3J/t7V6FgNEw9QjvBPdysz9KfQDD41fQrC2Y4vKQdiaUpFT4bXlb1RHhLpp8wtm6M5TgSw=="],

    "undici-types": ["undici-types@7.21.0", "", {}, "sha512-w9IMgQrz4O0YN1LtB7K5P63vhlIOvC7opSmouCJ+ZywlPAlO9gIkJ+otk6LvGpAs2wg4econaCz3TvQ9xPoyuQ=="],

    "zod": ["zod@3.25.76", "", {}, "sha512-gzUt/qt81nXsFGKIFcC3YnfEAx5NkunCfnDlvuBSSFS02bcXu4Lmea0AFIUwbLWxWPx3d9p8S5QoaujKcNQxcQ=="],
  }
}
